
Microsoft Visual Studio Solution File, Format Version 12.00
# Visual Studio Version 17
VisualStudioVersion = 17.14.37216.2
MinimumVisualStudioVersion = 10.0.40219.1
Project("{FAE04EC0-301F-11D3-BF4B-00C04F79EFBC}") = "NetCore.API", "NetCore.API\NetCore.API.csproj", "{7F69FACF-7FFC-4D9F-ACE6-489E69038244}"
EndProject
Global
	GlobalSection(SolutionConfigurationPlatforms) = preSolution
		Debug|Any CPU = Debug|Any CPU
		Release|Any CPU = Release|Any CPU
	EndGlobalSection
	GlobalSection(ProjectConfigurationPlatforms) = postSolution
		{7F69FACF-7FFC-4D9F-ACE6-489E69038244}.Debug|Any CPU.ActiveCfg = Debug|Any CPU
		{7F69FACF-7FFC-4D9F-ACE6-489E69038244}.Debug|Any CPU.Build.0 = Debug|Any CPU
		{7F69FACF-7FFC-4D9F-ACE6-489E69038244}.Release|Any CPU.ActiveCfg = Release|Any CPU
		{7F69FACF-7FFC-4D9F-ACE6-489E69038244}.Release|Any CPU.Build.0 = Release|Any CPU
	EndGlobalSection
	GlobalSection(SolutionProperties) = preSolution
		HideSolutionNode = FALSE
	EndGlobalSection
	GlobalSection(ExtensibilityGlobals) = postSolution
		SolutionGuid = {39A35DFB-1087-4EF5-BDA4-5B0FFAB8B41D}
	EndGlobalSection
EndGlobal
